
Microsoft Visual Studio Solution File, Format Version 12.00
# Visual Studio Version 17
VisualStudioVersion = 17.0.31903.59
MinimumVisualStudioVersion = 10.0.40219.1
Project("{FAE04EC0-301F-11D3-BF4B-00C04F79EFBC}") = "CcDirector.Core", "src\CcDirector.Core\CcDirector.Core.csproj", "{C1A2B3C4-D5E6-7890-ABCD-EF1234567890}"
EndProject
Project("{FAE04EC0-301F-11D3-BF4B-00C04F79EFBC}") = "CcDirector.Core.Tests", "src\CcDirector.Core.Tests\CcDirector.Core.Tests.csproj", "{D2E3F4A5-B6C7-8901-CDEF-A12345678901}"
EndProject
Project("{FAE04EC0-301F-11D3-BF4B-00C04F79EFBC}") = "CcDirector.Wpf", "src\CcDirector.Wpf\CcDirector.Wpf.csproj", "{E3F4A5B6-C7D8-9012-DEFA-B12345678901}"
EndProject
Project("{2150E333-8FDC-42A3-9474-1A3956D46DE8}") = "src", "src", "{827E0CD3-B72D-47B6-A68D-7590B98EB39B}"
EndProject
Project("{FAE04EC0-301F-11D3-BF4B-00C04F79EFBC}") = "CcDirector.TestHarness", "src\CcDirector.TestHarness\CcDirector.TestHarness.csproj", "{20826763-1428-424F-9DC1-D71F454029BD}"
EndProject
Project("{FAE04EC0-301F-11D3-BF4B-00C04F79EFBC}") = "CcClick", "src\CcClick\CcClick.csproj", "{88F5DC65-99EE-48CD-9600-1E5F0E968ADF}"
EndProject
Project("{FAE04EC0-301F-11D3-BF4B-00C04F79EFBC}") = "CcDirector.CliExplorer", "src\CcDirector.CliExplorer\CcDirector.CliExplorer.csproj", "{1EA8AF40-6227-4521-BF25-B0F0C525B43E}"
EndProject
Project("{FAE04EC0-301F-11D3-BF4B-00C04F79EFBC}") = "CcDirector.Engine", "src\CcDirector.Engine\CcDirector.Engine.csproj", "{3E407DA8-E406-4B93-A86C-BE4A245ACD7E}"
EndProject
Project("{FAE04EC0-301F-11D3-BF4B-00C04F79EFBC}") = "CcDirector.Engine.Tests", "src\CcDirector.Engine.Tests\CcDirector.Engine.Tests.csproj", "{7FE51956-5833-4B2F-A71A-2DCCCF0A42EF}"
EndProject
Project("{FAE04EC0-301F-11D3-BF4B-00C04F79EFBC}") = "CcDirector.CommunicationManager", "src\CcDirector.CommunicationManager\CcDirector.CommunicationManager.csproj", "{0FB03EA4-E203-4DA1-B7FD-B34A61DD81B3}"
EndProject
Project("{FAE04EC0-301F-11D3-BF4B-00C04F79EFBC}") = "CcDirector.VoskStt", "src\CcDirector.VoskStt\CcDirector.VoskStt.csproj", "{12CFC513-5E23-476D-9E8D-C1434711346B}"
EndProject
Global
	GlobalSection(SolutionConfigurationPlatforms) = preSolution
		Debug|Any CPU = Debug|Any CPU
		Debug|x64 = Debug|x64
		Debug|x86 = Debug|x86
		Release|Any CPU = Release|Any CPU
		Release|x64 = Release|x64
		Release|x86 = Release|x86
	EndGlobalSection
	GlobalSection(ProjectConfigurationPlatforms) = postSolution
		{C1A2B3C4-D5E6-7890-ABCD-EF1234567890}.Debug|Any CPU.ActiveCfg = Debug|Any CPU
		{C1A2B3C4-D5E6-7890-ABCD-EF1234567890}.Debug|Any CPU.Build.0 = Debug|Any CPU
		{C1A2B3C4-D5E6-7890-ABCD-EF1234567890}.Debug|x64.ActiveCfg = Debug|Any CPU
		{C1A2B3C4-D5E6-7890-ABCD-EF1234567890}.Debug|x64.Build.0 = Debug|Any CPU
		{C1A2B3C4-D5E6-7890-ABCD-EF1234567890}.Debug|x86.ActiveCfg = Debug|Any CPU
		{C1A2B3C4-D5E6-7890-ABCD-EF1234567890}.Debug|x86.Build.0 = Debug|Any CPU
		{C1A2B3C4-D5E6-7890-ABCD-EF1234567890}.Release|Any CPU.ActiveCfg = Release|Any CPU
		{C1A2B3C4-D5E6-7890-ABCD-EF1234567890}.Release|Any CPU.Build.0 = Release|Any CPU
		{C1A2B3C4-D5E6-7890-ABCD-EF1234567890}.Release|x64.ActiveCfg = Release|Any CPU
		{C1A2B3C4-D5E6-7890-ABCD-EF1234567890}.Release|x64.Build.0 = Release|Any CPU
		{C1A2B3C4-D5E6-7890-ABCD-EF1234567890}.Release|x86.ActiveCfg = Release|Any CPU
		{C1A2B3C4-D5E6-7890-ABCD-EF1234567890}.Release|x86.Build.0 = Release|Any CPU
		{D2E3F4A5-B6C7-8901-CDEF-A12345678901}.Debug|Any CPU.ActiveCfg = Debug|Any CPU
		{D2E3F4A5-B6C7-8901-CDEF-A12345678901}.Debug|Any CPU.Build.0 = Debug|Any CPU
		{D2E3F4A5-B6C7-8901-CDEF-A12345678901}.Debug|x64.ActiveCfg = Debug|Any CPU
		{D2E3F4A5-B6C7-8901-CDEF-A12345678901}.Debug|x64.Build.0 = Debug|Any CPU
		{D2E3F4A5-B6C7-8901-CDEF-A12345678901}.Debug|x86.ActiveCfg = Debug|Any CPU
		{D2E3F4A5-B6C7-8901-CDEF-A12345678901}.Debug|x86.Build.0 = Debug|Any CPU
		{D2E3F4A5-B6C7-8901-CDEF-A12345678901}.Release|Any CPU.ActiveCfg = Release|Any CPU
		{D2E3F4A5-B6C7-8901-CDEF-A12345678901}.Release|Any CPU.Build.0 = Release|Any CPU
		{D2E3F4A5-B6C7-8901-CDEF-A12345678901}.Release|x64.ActiveCfg = Release|Any CPU
		{D2E3F4A5-B6C7-8901-CDEF-A12345678901}.Release|x64.Build.0 = Release|Any CPU
		{D2E3F4A5-B6C7-8901-CDEF-A12345678901}.Release|x86.ActiveCfg = Release|Any CPU
		{D2E3F4A5-B6C7-8901-CDEF-A12345678901}.Release|x86.Build.0 = Release|Any CPU
		{E3F4A5B6-C7D8-9012-DEFA-B12345678901}.Debug|Any CPU.ActiveCfg = Debug|Any CPU
		{E3F4A5B6-C7D8-9012-DEFA-B12345678901}.Debug|Any CPU.Build.0 = Debug|Any CPU
		{E3F4A5B6-C7D8-9012-DEFA-B12345678901}.Debug|x64.ActiveCfg = Debug|Any CPU
		{E3F4A5B6-C7D8-9012-DEFA-B12345678901}.Debug|x64.Build.0 = Debug|Any CPU
		{E3F4A5B6-C7D8-9012-DEFA-B12345678901}.Debug|x86.ActiveCfg = Debug|Any CPU
		{E3F4A5B6-C7D8-9012-DEFA-B12345678901}.Debug|x86.Build.0 = Debug|Any CPU
		{E3F4A5B6-C7D8-9012-DEFA-B12345678901}.Release|Any CPU.ActiveCfg = Release|Any CPU
		{E3F4A5B6-C7D8-9012-DEFA-B12345678901}.Release|Any CPU.Build.0 = Release|Any CPU
		{E3F4A5B6-C7D8-9012-DEFA-B12345678901}.Release|x64.ActiveCfg = Release|Any CPU
		{E3F4A5B6-C7D8-9012-DEFA-B12345678901}.Release|x64.Build.0 = Release|Any CPU
		{E3F4A5B6-C7D8-9012-DEFA-B12345678901}.Release|x86.ActiveCfg = Release|Any CPU
		{E3F4A5B6-C7D8-9012-DEFA-B12345678901}.Release|x86.Build.0 = Release|Any CPU
		{20826763-1428-424F-9DC1-D71F454029BD}.Debug|Any CPU.ActiveCfg = Debug|Any CPU
		{20826763-1428-424F-9DC1-D71F454029BD}.Debug|Any CPU.Build.0 = Debug|Any CPU
		{20826763-1428-424F-9DC1-D71F454029BD}.Debug|x64.ActiveCfg = Debug|Any CPU
		{20826763-1428-424F-9DC1-D71F454029BD}.Debug|x64.Build.0 = Debug|Any CPU
		{20826763-1428-424F-9DC1-D71F454029BD}.Debug|x86.ActiveCfg = Debug|Any CPU
		{20826763-1428-424F-9DC1-D71F454029BD}.Debug|x86.Build.0 = Debug|Any CPU
		{20826763-1428-424F-9DC1-D71F454029BD}.Release|Any CPU.ActiveCfg = Release|Any CPU
		{20826763-1428-424F-9DC1-D71F454029BD}.Release|Any CPU.Build.0 = Release|Any CPU
		{20826763-1428-424F-9DC1-D71F454029BD}.Release|x64.ActiveCfg = Release|Any CPU
		{20826763-1428-424F-9DC1-D71F454029BD}.Release|x64.Build.0 = Release|Any CPU
		{20826763-1428-424F-9DC1-D71F454029BD}.Release|x86.ActiveCfg = Release|Any CPU
		{20826763-1428-424F-9DC1-D71F454029BD}.Release|x86.Build.0 = Release|Any CPU
		{88F5DC65-99EE-48CD-9600-1E5F0E968ADF}.Debug|Any CPU.ActiveCfg = Debug|Any CPU
		{88F5DC65-99EE-48CD-9600-1E5F0E968ADF}.Debug|Any CPU.Build.0 = Debug|Any CPU
		{88F5DC65-99EE-48CD-9600-1E5F0E968ADF}.Debug|x64.ActiveCfg = Debug|Any CPU
		{88F5DC65-99EE-48CD-9600-1E5F0E968ADF}.Debug|x64.Build.0 = Debug|Any CPU
		{88F5DC65-99EE-48CD-9600-1E5F0E968ADF}.Debug|x86.ActiveCfg = Debug|Any CPU
		{88F5DC65-99EE-48CD-9600-1E5F0E968ADF}.Debug|x86.Build.0 = Debug|Any CPU
		{88F5DC65-99EE-48CD-9600-1E5F0E968ADF}.Release|Any CPU.ActiveCfg = Release|Any CPU
		{88F5DC65-99EE-48CD-9600-1E5F0E968ADF}.Release|Any CPU.Build.0 = Release|Any CPU
		{88F5DC65-99EE-48CD-9600-1E5F0E968ADF}.Release|x64.ActiveCfg = Release|Any CPU
		{88F5DC65-99EE-48CD-9600-1E5F0E968ADF}.Release|x64.Build.0 = Release|Any CPU
		{88F5DC65-99EE-48CD-9600-1E5F0E968ADF}.Release|x86.ActiveCfg = Release|Any CPU
		{88F5DC65-99EE-48CD-9600-1E5F0E968ADF}.Release|x86.Build.0 = Release|Any CPU
		{1EA8AF40-6227-4521-BF25-B0F0C525B43E}.Debug|Any CPU.ActiveCfg = Debug|Any CPU
		{1EA8AF40-6227-4521-BF25-B0F0C525B43E}.Debug|Any CPU.Build.0 = Debug|Any CPU
		{1EA8AF40-6227-4521-BF25-B0F0C525B43E}.Debug|x64.ActiveCfg = Debug|Any CPU
		{1EA8AF40-6227-4521-BF25-B0F0C525B43E}.Debug|x64.Build.0 = Debug|Any CPU
		{1EA8AF40-6227-4521-BF25-B0F0C525B43E}.Debug|x86.ActiveCfg = Debug|Any CPU
		{1EA8AF40-6227-4521-BF25-B0F0C525B43E}.Debug|x86.Build.0 = Debug|Any CPU
		{1EA8AF40-6227-4521-BF25-B0F0C525B43E}.Release|Any CPU.ActiveCfg = Release|Any CPU
		{1EA8AF40-6227-4521-BF25-B0F0C525B43E}.Release|Any CPU.Build.0 = Release|Any CPU
		{1EA8AF40-6227-4521-BF25-B0F0C525B43E}.Release|x64.ActiveCfg = Release|Any CPU
		{1EA8AF40-6227-4521-BF25-B0F0C525B43E}.Release|x64.Build.0 = Release|Any CPU
		{1EA8AF40-6227-4521-BF25-B0F0C525B43E}.Release|x86.ActiveCfg = Release|Any CPU
		{1EA8AF40-6227-4521-BF25-B0F0C525B43E}.Release|x86.Build.0 = Release|Any CPU
		{3E407DA8-E406-4B93-A86C-BE4A245ACD7E}.Debug|Any CPU.ActiveCfg = Debug|Any CPU
		{3E407DA8-E406-4B93-A86C-BE4A245ACD7E}.Debug|Any CPU.Build.0 = Debug|Any CPU
		{3E407DA8-E406-4B93-A86C-BE4A245ACD7E}.Debug|x64.ActiveCfg = Debug|Any CPU
		{3E407DA8-E406-4B93-A86C-BE4A245ACD7E}.Debug|x64.Build.0 = Debug|Any CPU
		{3E407DA8-E406-4B93-A86C-BE4A245ACD7E}.Debug|x86.ActiveCfg = Debug|Any CPU
		{3E407DA8-E406-4B93-A86C-BE4A245ACD7E}.Debug|x86.Build.0 = Debug|Any CPU
		{3E407DA8-E406-4B93-A86C-BE4A245ACD7E}.Release|Any CPU.ActiveCfg = Release|Any CPU
		{3E407DA8-E406-4B93-A86C-BE4A245ACD7E}.Release|Any CPU.Build.0 = Release|Any CPU
		{3E407DA8-E406-4B93-A86C-BE4A245ACD7E}.Release|x64.ActiveCfg = Release|Any CPU
		{3E407DA8-E406-4B93-A86C-BE4A245ACD7E}.Release|x64.Build.0 = Release|Any CPU
		{3E407DA8-E406-4B93-A86C-BE4A245ACD7E}.Release|x86.ActiveCfg = Release|Any CPU
		{3E407DA8-E406-4B93-A86C-BE4A245ACD7E}.Release|x86.Build.0 = Release|Any CPU
		{7FE51956-5833-4B2F-A71A-2DCCCF0A42EF}.Debug|Any CPU.ActiveCfg = Debug|Any CPU
		{7FE51956-5833-4B2F-A71A-2DCCCF0A42EF}.Debug|Any CPU.Build.0 = Debug|Any CPU
		{7FE51956-5833-4B2F-A71A-2DCCCF0A42EF}.Debug|x64.ActiveCfg = Debug|Any CPU
		{7FE51956-5833-4B2F-A71A-2DCCCF0A42EF}.Debug|x64.Build.0 = Debug|Any CPU
		{7FE51956-5833-4B2F-A71A-2DCCCF0A42EF}.Debug|x86.ActiveCfg = Debug|Any CPU
		{7FE51956-5833-4B2F-A71A-2DCCCF0A42EF}.Debug|x86.Build.0 = Debug|Any CPU
		{7FE51956-5833-4B2F-A71A-2DCCCF0A42EF}.Release|Any CPU.ActiveCfg = Release|Any CPU
		{7FE51956-5833-4B2F-A71A-2DCCCF0A42EF}.Release|Any CPU.Build.0 = Release|Any CPU
		{7FE51956-5833-4B2F-A71A-2DCCCF0A42EF}.Release|x64.ActiveCfg = Release|Any CPU
		{7FE51956-5833-4B2F-A71A-2DCCCF0A42EF}.Release|x64.Build.0 = Release|Any CPU
		{7FE51956-5833-4B2F-A71A-2DCCCF0A42EF}.Release|x86.ActiveCfg = Release|Any CPU
		{7FE51956-5833-4B2F-A71A-2DCCCF0A42EF}.Release|x86.Build.0 = Release|Any CPU
		{0FB03EA4-E203-4DA1-B7FD-B34A61DD81B3}.Debug|Any CPU.ActiveCfg = Debug|Any CPU
		{0FB03EA4-E203-4DA1-B7FD-B34A61DD81B3}.Debug|Any CPU.Build.0 = Debug|Any CPU
		{0FB03EA4-E203-4DA1-B7FD-B34A61DD81B3}.Debug|x64.ActiveCfg = Debug|Any CPU
		{0FB03EA4-E203-4DA1-B7FD-B34A61DD81B3}.Debug|x64.Build.0 = Debug|Any CPU
		{0FB03EA4-E203-4DA1-B7FD-B34A61DD81B3}.Debug|x86.ActiveCfg = Debug|Any CPU
		{0FB03EA4-E203-4DA1-B7FD-B34A61DD81B3}.Debug|x86.Build.0 = Debug|Any CPU
		{0FB03EA4-E203-4DA1-B7FD-B34A61DD81B3}.Release|Any CPU.ActiveCfg = Release|Any CPU
		{0FB03EA4-E203-4DA1-B7FD-B34A61DD81B3}.Release|Any CPU.Build.0 = Release|Any CPU
		{0FB03EA4-E203-4DA1-B7FD-B34A61DD81B3}.Release|x64.ActiveCfg = Release|Any CPU
		{0FB03EA4-E203-4DA1-B7FD-B34A61DD81B3}.Release|x64.Build.0 = Release|Any CPU
		{0FB03EA4-E203-4DA1-B7FD-B34A61DD81B3}.Release|x86.ActiveCfg = Release|Any CPU
		{0FB03EA4-E203-4DA1-B7FD-B34A61DD81B3}.Release|x86.Build.0 = Release|Any CPU
		{12CFC513-5E23-476D-9E8D-C1434711346B}.Debug|Any CPU.ActiveCfg = Debug|Any CPU
		{12CFC513-5E23-476D-9E8D-C1434711346B}.Debug|Any CPU.Build.0 = Debug|Any CPU
		{12CFC513-5E23-476D-9E8D-C1434711346B}.Debug|x64.ActiveCfg = Debug|Any CPU
		{12CFC513-5E23-476D-9E8D-C1434711346B}.Debug|x64.Build.0 = Debug|Any CPU
		{12CFC513-5E23-476D-9E8D-C1434711346B}.Debug|x86.ActiveCfg = Debug|Any CPU
		{12CFC513-5E23-476D-9E8D-C1434711346B}.Debug|x86.Build.0 = Debug|Any CPU
		{12CFC513-5E23-476D-9E8D-C1434711346B}.Release|Any CPU.ActiveCfg = Release|Any CPU
		{12CFC513-5E23-476D-9E8D-C1434711346B}.Release|Any CPU.Build.0 = Release|Any CPU
		{12CFC513-5E23-476D-9E8D-C1434711346B}.Release|x64.ActiveCfg = Release|Any CPU
		{12CFC513-5E23-476D-9E8D-C1434711346B}.Release|x64.Build.0 = Release|Any CPU
		{12CFC513-5E23-476D-9E8D-C1434711346B}.Release|x86.ActiveCfg = Release|Any CPU
		{12CFC513-5E23-476D-9E8D-C1434711346B}.Release|x86.Build.0 = Release|Any CPU
	EndGlobalSection
	GlobalSection(SolutionProperties) = preSolution
		HideSolutionNode = FALSE
	EndGlobalSection
	GlobalSection(NestedProjects) = preSolution
		{20826763-1428-424F-9DC1-D71F454029BD} = {827E0CD3-B72D-47B6-A68D-7590B98EB39B}
		{88F5DC65-99EE-48CD-9600-1E5F0E968ADF} = {827E0CD3-B72D-47B6-A68D-7590B98EB39B}
		{1EA8AF40-6227-4521-BF25-B0F0C525B43E} = {827E0CD3-B72D-47B6-A68D-7590B98EB39B}
		{3E407DA8-E406-4B93-A86C-BE4A245ACD7E} = {827E0CD3-B72D-47B6-A68D-7590B98EB39B}
		{7FE51956-5833-4B2F-A71A-2DCCCF0A42EF} = {827E0CD3-B72D-47B6-A68D-7590B98EB39B}
		{0FB03EA4-E203-4DA1-B7FD-B34A61DD81B3} = {827E0CD3-B72D-47B6-A68D-7590B98EB39B}
		{12CFC513-5E23-476D-9E8D-C1434711346B} = {827E0CD3-B72D-47B6-A68D-7590B98EB39B}
	EndGlobalSection
EndGlobal
