
Microsoft Visual Studio Solution File, Format Version 12.00
# Visual Studio Version 17
VisualStudioVersion = 17.0.31903.59
MinimumVisualStudioVersion = 10.0.40219.1
Project("{FAE04EC0-301F-11D3-BF4B-00C04F79EFBC}") = "CcDirector.Core", "src\CcDirector.Core\CcDirector.Core.csproj", "{C1A2B3C4-D5E6-7890-ABCD-EF1234567890}"
EndProject
Project("{FAE04EC0-301F-11D3-BF4B-00C04F79EFBC}") = "CcDirector.Core.Tests", "src\CcDirector.Core.Tests\CcDirector.Core.Tests.csproj", "{D2E3F4A5-B6C7-8901-CDEF-A12345678901}"
EndProject
Project("{FAE04EC0-301F-11D3-BF4B-00C04F79EFBC}") = "CcDirector.Engine", "src\CcDirector.Engine\CcDirector.Engine.csproj", "{3E407DA8-E406-4B93-A86C-BE4A245ACD7E}"
EndProject
Project("{FAE04EC0-301F-11D3-BF4B-00C04F79EFBC}") = "CcDirector.Engine.Tests", "src\CcDirector.Engine.Tests\CcDirector.Engine.Tests.csproj", "{7FE51956-5833-4B2F-A71A-2DCCCF0A42EF}"
EndProject
Project("{FAE04EC0-301F-11D3-BF4B-00C04F79EFBC}") = "CcDirector.Terminal.Core", "src\CcDirector.Terminal.Core\CcDirector.Terminal.Core.csproj", "{592945FC-2FA5-471A-9652-1CAE1E26E232}"
EndProject
Project("{FAE04EC0-301F-11D3-BF4B-00C04F79EFBC}") = "CcDirector.Terminal.Avalonia", "src\CcDirector.Terminal.Avalonia\CcDirector.Terminal.Avalonia.csproj", "{B54F9BF0-1481-4267-9CF0-44EAB5F9864A}"
EndProject
Project("{FAE04EC0-301F-11D3-BF4B-00C04F79EFBC}") = "CcDirector.Avalonia", "src\CcDirector.Avalonia\CcDirector.Avalonia.csproj", "{10E5A311-8B3A-45CB-9ED2-AF70C1047044}"
EndProject
Project("{2150E333-8FDC-42A3-9474-1A3956D46DE8}") = "src", "src", "{827E0CD3-B72D-47B6-A68D-7590B98EB39B}"
EndProject
Global
	GlobalSection(SolutionConfigurationPlatforms) = preSolution
		Debug|Any CPU = Debug|Any CPU
		Release|Any CPU = Release|Any CPU
	EndGlobalSection
	GlobalSection(ProjectConfigurationPlatforms) = postSolution
		{C1A2B3C4-D5E6-7890-ABCD-EF1234567890}.Debug|Any CPU.ActiveCfg = Debug|Any CPU
		{C1A2B3C4-D5E6-7890-ABCD-EF1234567890}.Debug|Any CPU.Build.0 = Debug|Any CPU
		{C1A2B3C4-D5E6-7890-ABCD-EF1234567890}.Release|Any CPU.ActiveCfg = Release|Any CPU
		{C1A2B3C4-D5E6-7890-ABCD-EF1234567890}.Release|Any CPU.Build.0 = Release|Any CPU
		{D2E3F4A5-B6C7-8901-CDEF-A12345678901}.Debug|Any CPU.ActiveCfg = Debug|Any CPU
		{D2E3F4A5-B6C7-8901-CDEF-A12345678901}.Debug|Any CPU.Build.0 = Debug|Any CPU
		{D2E3F4A5-B6C7-8901-CDEF-A12345678901}.Release|Any CPU.ActiveCfg = Release|Any CPU
		{D2E3F4A5-B6C7-8901-CDEF-A12345678901}.Release|Any CPU.Build.0 = Release|Any CPU
		{3E407DA8-E406-4B93-A86C-BE4A245ACD7E}.Debug|Any CPU.ActiveCfg = Debug|Any CPU
		{3E407DA8-E406-4B93-A86C-BE4A245ACD7E}.Debug|Any CPU.Build.0 = Debug|Any CPU
		{3E407DA8-E406-4B93-A86C-BE4A245ACD7E}.Release|Any CPU.ActiveCfg = Release|Any CPU
		{3E407DA8-E406-4B93-A86C-BE4A245ACD7E}.Release|Any CPU.Build.0 = Release|Any CPU
		{7FE51956-5833-4B2F-A71A-2DCCCF0A42EF}.Debug|Any CPU.ActiveCfg = Debug|Any CPU
		{7FE51956-5833-4B2F-A71A-2DCCCF0A42EF}.Debug|Any CPU.Build.0 = Debug|Any CPU
		{7FE51956-5833-4B2F-A71A-2DCCCF0A42EF}.Release|Any CPU.ActiveCfg = Release|Any CPU
		{7FE51956-5833-4B2F-A71A-2DCCCF0A42EF}.Release|Any CPU.Build.0 = Release|Any CPU
		{592945FC-2FA5-471A-9652-1CAE1E26E232}.Debug|Any CPU.ActiveCfg = Debug|Any CPU
		{592945FC-2FA5-471A-9652-1CAE1E26E232}.Debug|Any CPU.Build.0 = Debug|Any CPU
		{592945FC-2FA5-471A-9652-1CAE1E26E232}.Release|Any CPU.ActiveCfg = Release|Any CPU
		{592945FC-2FA5-471A-9652-1CAE1E26E232}.Release|Any CPU.Build.0 = Release|Any CPU
		{B54F9BF0-1481-4267-9CF0-44EAB5F9864A}.Debug|Any CPU.ActiveCfg = Debug|Any CPU
		{B54F9BF0-1481-4267-9CF0-44EAB5F9864A}.Debug|Any CPU.Build.0 = Debug|Any CPU
		{B54F9BF0-1481-4267-9CF0-44EAB5F9864A}.Release|Any CPU.ActiveCfg = Release|Any CPU
		{B54F9BF0-1481-4267-9CF0-44EAB5F9864A}.Release|Any CPU.Build.0 = Release|Any CPU
		{10E5A311-8B3A-45CB-9ED2-AF70C1047044}.Debug|Any CPU.ActiveCfg = Debug|Any CPU
		{10E5A311-8B3A-45CB-9ED2-AF70C1047044}.Debug|Any CPU.Build.0 = Debug|Any CPU
		{10E5A311-8B3A-45CB-9ED2-AF70C1047044}.Release|Any CPU.ActiveCfg = Release|Any CPU
		{10E5A311-8B3A-45CB-9ED2-AF70C1047044}.Release|Any CPU.Build.0 = Release|Any CPU
	EndGlobalSection
	GlobalSection(SolutionProperties) = preSolution
		HideSolutionNode = FALSE
	EndGlobalSection
	GlobalSection(NestedProjects) = preSolution
		{C1A2B3C4-D5E6-7890-ABCD-EF1234567890} = {827E0CD3-B72D-47B6-A68D-7590B98EB39B}
		{D2E3F4A5-B6C7-8901-CDEF-A12345678901} = {827E0CD3-B72D-47B6-A68D-7590B98EB39B}
		{3E407DA8-E406-4B93-A86C-BE4A245ACD7E} = {827E0CD3-B72D-47B6-A68D-7590B98EB39B}
		{7FE51956-5833-4B2F-A71A-2DCCCF0A42EF} = {827E0CD3-B72D-47B6-A68D-7590B98EB39B}
		{592945FC-2FA5-471A-9652-1CAE1E26E232} = {827E0CD3-B72D-47B6-A68D-7590B98EB39B}
		{B54F9BF0-1481-4267-9CF0-44EAB5F9864A} = {827E0CD3-B72D-47B6-A68D-7590B98EB39B}
		{10E5A311-8B3A-45CB-9ED2-AF70C1047044} = {827E0CD3-B72D-47B6-A68D-7590B98EB39B}
	EndGlobalSection
EndGlobal
